
Microsoft Visual Studio Solution File, Format Version 12.00
# Visual Studio Version 17
VisualStudioVersion = 17.5.002.0
MinimumVisualStudioVersion = 10.0.40219.1
Project("{2150E333-8FDC-42A3-9474-1A3956D46DE8}") = "src", "src", "{B0982BF5-42B6-452D-AA32-ACEC8010D29B}"
EndProject
Project("{9A19103F-16F7-4668-BE54-9A1E7A4F7556}") = "psetw.cmdlets", "src\psetw.cmdlets\psetw.cmdlets.csproj", "{3797358D-118A-4E32-8F7D-65251677A918}"
EndProject
Global
	GlobalSection(SolutionConfigurationPlatforms) = preSolution
		Debug|Any CPU = Debug|Any CPU
		Release|Any CPU = Release|Any CPU
	EndGlobalSection
	GlobalSection(ProjectConfigurationPlatforms) = postSolution
		{3797358D-118A-4E32-8F7D-65251677A918}.Debug|Any CPU.ActiveCfg = Debug|Any CPU
		{3797358D-118A-4E32-8F7D-65251677A918}.Debug|Any CPU.Build.0 = Debug|Any CPU
		{3797358D-118A-4E32-8F7D-65251677A918}.Release|Any CPU.ActiveCfg = Release|Any CPU
		{3797358D-118A-4E32-8F7D-65251677A918}.Release|Any CPU.Build.0 = Release|Any CPU
	EndGlobalSection
	GlobalSection(SolutionProperties) = preSolution
		HideSolutionNode = FALSE
	EndGlobalSection
	GlobalSection(NestedProjects) = preSolution
		{3797358D-118A-4E32-8F7D-65251677A918} = {B0982BF5-42B6-452D-AA32-ACEC8010D29B}
	EndGlobalSection
	GlobalSection(ExtensibilityGlobals) = postSolution
		SolutionGuid = {B49F144F-7EC0-403C-AD06-D8EF680D5AAE}
	EndGlobalSection
EndGlobal
